
Microsoft Visual Studio Solution File, Format Version 12.00
# Visual Studio Version 17
VisualStudioVersion = 17.8.34322.80
MinimumVisualStudioVersion = 10.0.40219.1
Project("{FAE04EC0-301F-11D3-BF4B-00C04F79EFBC}") = "ConsoleApp1", "ConsoleApp1.csproj", "{6A30C3E2-9198-41D6-B680-50D8A6796C66}"
EndProject
Global
	GlobalSection(SolutionConfigurationPlatforms) = preSolution
		Debug|Any CPU = Debug|Any CPU
		Release|Any CPU = Release|Any CPU
	EndGlobalSection
	GlobalSection(ProjectConfigurationPlatforms) = postSolution
		{6A30C3E2-9198-41D6-B680-50D8A6796C66}.Debug|Any CPU.ActiveCfg = Debug|Any CPU
		{6A30C3E2-9198-41D6-B680-50D8A6796C66}.Debug|Any CPU.Build.0 = Debug|Any CPU
		{6A30C3E2-9198-41D6-B680-50D8A6796C66}.Release|Any CPU.ActiveCfg = Release|Any CPU
		{6A30C3E2-9198-41D6-B680-50D8A6796C66}.Release|Any CPU.Build.0 = Release|Any CPU
	EndGlobalSection
	GlobalSection(SolutionProperties) = preSolution
		HideSolutionNode = FALSE
	EndGlobalSection
	GlobalSection(ExtensibilityGlobals) = postSolution
		SolutionGuid = {922EE753-CFD0-4CE8-B1B0-18CB0A0C4CC3}
	EndGlobalSection
EndGlobal
